
Microsoft Visual Studio Solution File, Format Version 12.00
# Visual Studio 15
VisualStudioVersion = 15.0.26228.4
MinimumVisualStudioVersion = 10.0.40219.1
Project("{8BC9CEB8-8B4A-11D0-8D11-00A0C91BC942}") = "signle-number-ii", "signle-number-ii\signle-number-ii.vcxproj", "{408655D6-A616-4024-9208-3E5A0FC70D7D}"
EndProject
Global
	GlobalSection(SolutionConfigurationPlatforms) = preSolution
		Debug|x64 = Debug|x64
		Debug|x86 = Debug|x86
		Release|x64 = Release|x64
		Release|x86 = Release|x86
	EndGlobalSection
	GlobalSection(ProjectConfigurationPlatforms) = postSolution
		{408655D6-A616-4024-9208-3E5A0FC70D7D}.Debug|x64.ActiveCfg = Debug|x64
		{408655D6-A616-4024-9208-3E5A0FC70D7D}.Debug|x64.Build.0 = Debug|x64
		{408655D6-A616-4024-9208-3E5A0FC70D7D}.Debug|x86.ActiveCfg = Debug|Win32
		{408655D6-A616-4024-9208-3E5A0FC70D7D}.Debug|x86.Build.0 = Debug|Win32
		{408655D6-A616-4024-9208-3E5A0FC70D7D}.Release|x64.ActiveCfg = Release|x64
		{408655D6-A616-4024-9208-3E5A0FC70D7D}.Release|x64.Build.0 = Release|x64
		{408655D6-A616-4024-9208-3E5A0FC70D7D}.Release|x86.ActiveCfg = Release|Win32
		{408655D6-A616-4024-9208-3E5A0FC70D7D}.Release|x86.Build.0 = Release|Win32
	EndGlobalSection
	GlobalSection(SolutionProperties) = preSolution
		HideSolutionNode = FALSE
	EndGlobalSection
EndGlobal
